
Microsoft Visual Studio Solution File, Format Version 12.00
# Visual Studio Version 17
VisualStudioVersion = 17.14.36301.6
MinimumVisualStudioVersion = 10.0.40219.1
Project("{FAE04EC0-301F-11D3-BF4B-00C04F79EFBC}") = "MyShop.Web", "MyShop.Web\MyShop.Web.csproj", "{8F306BE4-48E7-4A51-8D0F-C22520BE2D4F}"
EndProject
Project("{FAE04EC0-301F-11D3-BF4B-00C04F79EFBC}") = "MyShop.Domain", "MyShop.Domain\MyShop.Domain.csproj", "{17B0D3F3-2D9B-46B4-A148-7BF2F9E8575E}"
EndProject
Project("{FAE04EC0-301F-11D3-BF4B-00C04F79EFBC}") = "MyShop.Application", "MyShop.Application\MyShop.Application.csproj", "{D867BE79-698B-407F-8234-F62D2B272728}"
EndProject
Project("{FAE04EC0-301F-11D3-BF4B-00C04F79EFBC}") = "MyShop.Infrastructure", "MyShop.Infrastructure\MyShop.Infrastructure.csproj", "{206D9211-EA30-487C-B670-6C3C2DB63372}"
EndProject
Global
	GlobalSection(SolutionConfigurationPlatforms) = preSolution
		Debug|Any CPU = Debug|Any CPU
		Release|Any CPU = Release|Any CPU
	EndGlobalSection
	GlobalSection(ProjectConfigurationPlatforms) = postSolution
		{8F306BE4-48E7-4A51-8D0F-C22520BE2D4F}.Debug|Any CPU.ActiveCfg = Debug|Any CPU
		{8F306BE4-48E7-4A51-8D0F-C22520BE2D4F}.Debug|Any CPU.Build.0 = Debug|Any CPU
		{8F306BE4-48E7-4A51-8D0F-C22520BE2D4F}.Release|Any CPU.ActiveCfg = Release|Any CPU
		{8F306BE4-48E7-4A51-8D0F-C22520BE2D4F}.Release|Any CPU.Build.0 = Release|Any CPU
		{17B0D3F3-2D9B-46B4-A148-7BF2F9E8575E}.Debug|Any CPU.ActiveCfg = Debug|Any CPU
		{17B0D3F3-2D9B-46B4-A148-7BF2F9E8575E}.Debug|Any CPU.Build.0 = Debug|Any CPU
		{17B0D3F3-2D9B-46B4-A148-7BF2F9E8575E}.Release|Any CPU.ActiveCfg = Release|Any CPU
		{17B0D3F3-2D9B-46B4-A148-7BF2F9E8575E}.Release|Any CPU.Build.0 = Release|Any CPU
		{D867BE79-698B-407F-8234-F62D2B272728}.Debug|Any CPU.ActiveCfg = Debug|Any CPU
		{D867BE79-698B-407F-8234-F62D2B272728}.Debug|Any CPU.Build.0 = Debug|Any CPU
		{D867BE79-698B-407F-8234-F62D2B272728}.Release|Any CPU.ActiveCfg = Release|Any CPU
		{D867BE79-698B-407F-8234-F62D2B272728}.Release|Any CPU.Build.0 = Release|Any CPU
		{206D9211-EA30-487C-B670-6C3C2DB63372}.Debug|Any CPU.ActiveCfg = Debug|Any CPU
		{206D9211-EA30-487C-B670-6C3C2DB63372}.Debug|Any CPU.Build.0 = Debug|Any CPU
		{206D9211-EA30-487C-B670-6C3C2DB63372}.Release|Any CPU.ActiveCfg = Release|Any CPU
		{206D9211-EA30-487C-B670-6C3C2DB63372}.Release|Any CPU.Build.0 = Release|Any CPU
	EndGlobalSection
	GlobalSection(SolutionProperties) = preSolution
		HideSolutionNode = FALSE
	EndGlobalSection
	GlobalSection(ExtensibilityGlobals) = postSolution
		SolutionGuid = {4349957D-1271-4542-9CE9-9A0B8A6F6FC3}
	EndGlobalSection
EndGlobal
